
Microsoft Visual Studio Solution File, Format Version 12.00
# Visual Studio Version 16
VisualStudioVersion = 16.0.30503.244
MinimumVisualStudioVersion = 10.0.40219.1
Project("{FAE04EC0-301F-11D3-BF4B-00C04F79EFBC}") = "GarbageCollection", "GarbageCollection\GarbageCollection.csproj", "{2E569EAB-F9B1-474B-862B-348C5399EEBD}"
EndProject
Global
	GlobalSection(SolutionConfigurationPlatforms) = preSolution
		Debug|Any CPU = Debug|Any CPU
		Release|Any CPU = Release|Any CPU
	EndGlobalSection
	GlobalSection(ProjectConfigurationPlatforms) = postSolution
		{2E569EAB-F9B1-474B-862B-348C5399EEBD}.Debug|Any CPU.ActiveCfg = Debug|Any CPU
		{2E569EAB-F9B1-474B-862B-348C5399EEBD}.Debug|Any CPU.Build.0 = Debug|Any CPU
		{2E569EAB-F9B1-474B-862B-348C5399EEBD}.Release|Any CPU.ActiveCfg = Release|Any CPU
		{2E569EAB-F9B1-474B-862B-348C5399EEBD}.Release|Any CPU.Build.0 = Release|Any CPU
	EndGlobalSection
	GlobalSection(SolutionProperties) = preSolution
		HideSolutionNode = FALSE
	EndGlobalSection
	GlobalSection(ExtensibilityGlobals) = postSolution
		SolutionGuid = {CD2B09B0-0ECD-40A8-A3C5-92C2DC600600}
	EndGlobalSection
EndGlobal
